github.com/a-h/templ v0.2.590 h1:kGZ1Vo8h+LgjdVtGpzhHI029+W10AR5kp7U1K5po0bA=
github.com/a-h/templ v0.2.590/go.mod h1:ZyDDb2ZQtAZ3RpiAlQ25/b96wIWkTDpr2BZYJ88nx4E=
github.com/gorilla/mux v1.8.1 h1:TuBL49tXwgrFYWhqrNgrUNEY92u81SPhu7sTdzQEiWY=
github.com/gorilla/mux v1.8.1/go.mod h1:AKf9I4AEqPTmMytcMc0KkNouC66V3BtZ4qD5fmWSiMQ=
github.com/lib/pq v1.10.9 h1:YXG7RB+JIjhP29X+OtkiDnYaXQwpS4JEWq7dtCCRUEw=
github.com/lib/pq v1.10.9/go.mod h1:AlVN5x4E4T544tWzH6hKfbfQvm3HdbOxrmggDNAPY9o=
